
Microsoft Visual Studio Solution File, Format Version 12.00
# Visual Studio Version 16
VisualStudioVersion = 16.0.30907.101
MinimumVisualStudioVersion = 10.0.40219.1
Project("{FAE04EC0-301F-11D3-BF4B-00C04F79EFBC}") = "SimpleFactoryPattern", "SimpleFactoryPattern\SimpleFactoryPattern.csproj", "{6716E8C4-330C-4595-82F5-0D92717B8E96}"
EndProject
Global
	GlobalSection(SolutionConfigurationPlatforms) = preSolution
		Debug|Any CPU = Debug|Any CPU
		Release|Any CPU = Release|Any CPU
	EndGlobalSection
	GlobalSection(ProjectConfigurationPlatforms) = postSolution
		{6716E8C4-330C-4595-82F5-0D92717B8E96}.Debug|Any CPU.ActiveCfg = Debug|Any CPU
		{6716E8C4-330C-4595-82F5-0D92717B8E96}.Debug|Any CPU.Build.0 = Debug|Any CPU
		{6716E8C4-330C-4595-82F5-0D92717B8E96}.Release|Any CPU.ActiveCfg = Release|Any CPU
		{6716E8C4-330C-4595-82F5-0D92717B8E96}.Release|Any CPU.Build.0 = Release|Any CPU
	EndGlobalSection
	GlobalSection(SolutionProperties) = preSolution
		HideSolutionNode = FALSE
	EndGlobalSection
	GlobalSection(ExtensibilityGlobals) = postSolution
		SolutionGuid = {12E3BFFF-9996-4F1B-8690-D002B6D65AFC}
	EndGlobalSection
EndGlobal
